
Microsoft Visual Studio Solution File, Format Version 12.00
# Visual Studio Version 16
VisualStudioVersion = 16.0.31410.357
MinimumVisualStudioVersion = 10.0.40219.1
Project("{FAE04EC0-301F-11D3-BF4B-00C04F79EFBC}") = "ConsoleApp2", "ConsoleApp2\ConsoleApp2.csproj", "{AB1B4965-8388-4781-BD49-746C627688E3}"
EndProject
Global
	GlobalSection(SolutionConfigurationPlatforms) = preSolution
		Debug|Any CPU = Debug|Any CPU
		Release|Any CPU = Release|Any CPU
	EndGlobalSection
	GlobalSection(ProjectConfigurationPlatforms) = postSolution
		{AB1B4965-8388-4781-BD49-746C627688E3}.Debug|Any CPU.ActiveCfg = Debug|Any CPU
		{AB1B4965-8388-4781-BD49-746C627688E3}.Debug|Any CPU.Build.0 = Debug|Any CPU
		{AB1B4965-8388-4781-BD49-746C627688E3}.Release|Any CPU.ActiveCfg = Release|Any CPU
		{AB1B4965-8388-4781-BD49-746C627688E3}.Release|Any CPU.Build.0 = Release|Any CPU
	EndGlobalSection
	GlobalSection(SolutionProperties) = preSolution
		HideSolutionNode = FALSE
	EndGlobalSection
	GlobalSection(ExtensibilityGlobals) = postSolution
		SolutionGuid = {BB274925-DEDE-49B7-BE6B-EF38294D1A9E}
	EndGlobalSection
EndGlobal
